PODS:
  - AFNetworking (2.5.0):
    - AFNetworking/NSURLConnection (= 2.5.0)
    - AFNetworking/NSURLSession (= 2.5.0)
    - AFNetworking/Reachability (= 2.5.0)
    - AFNetworking/Security (= 2.5.0)
    - AFNetworking/Serialization (= 2.5.0)
    - AFNetworking/UIKit (= 2.5.0)
  - AFNetworking/NSURLConnection (2.5.0):
    - AFNetworking/Reachability
    - AFNetworking/Security
    - AFNetworking/Serialization
  - AFNetworking/NSURLSession (2.5.0):
    - AFNetworking/Reachability
    - AFNetworking/Security
    - AFNetworking/Serialization
  - AFNetworking/Reachability (2.5.0)
  - AFNetworking/Security (2.5.0)
  - AFNetworking/Serialization (2.5.0)
  - AFNetworking/UIKit (2.5.0):
    - AFNetworking/NSURLConnection
    - AFNetworking/NSURLSession
  - AwesomeMenu (1.0.0)
  - AXRatingView (1.0.3)
  - CHTCollectionViewWaterfallLayout (0.8)
  - CSGrowingTextView (1.0.4)
  - FXBlurView (1.6.3)
  - IQDropDownTextField (1.0.4.1)
  - JSONModel (1.0.2)
  - JVFloatLabeledTextField (1.0.2)
  - MMProgressHUD (0.3.0)
  - RNFrostedSidebar (0.2.0)
  - SDWebImage (3.7.1):
    - SDWebImage/Core (= 3.7.1)
  - SDWebImage/Core (3.7.1)
  - SVProgressHUD (1.1.2)
  - SVPullToRefresh (0.4.1)
  - SWTableViewCell (0.3.7)
  - UIFloatLabelTextView (1.0.8)

DEPENDENCIES:
  - AFNetworking (~> 2.0)
  - AwesomeMenu
  - AXRatingView
  - CHTCollectionViewWaterfallLayout
  - CSGrowingTextView
  - FXBlurView
  - IQDropDownTextField
  - JSONModel
  - JVFloatLabeledTextField
  - MMProgressHUD
  - RNFrostedSidebar
  - SDWebImage (= 3.7.1)
  - SVProgressHUD
  - SVPullToRefresh
  - SWTableViewCell
  - UIFloatLabelTextView

SPEC CHECKSUMS:
  AFNetworking: 0f54cb5d16ce38c1b76948faffb8d5fb705021c7
  AwesomeMenu: e151e84da2434b7deb8acd118816a1f5d8794608
  AXRatingView: 4f6d6c96f6d0efc1deaa6cf493dbb1ffcfa79e55
  CHTCollectionViewWaterfallLayout: 14b7950cbe45ae9297e7759148d69b022bac047d
  CSGrowingTextView: c3f6a60ead2e6a19d6ed5d71dae0108315719f02
  FXBlurView: abe1046285813c4f6e9008abbc324fc5ab32af90
  IQDropDownTextField: 3a6709eea98b91900e33368ab31a99fa54cb3021
  JSONModel: cbdef0fdff1cc70e913a860861d3072860efd3a1
  JVFloatLabeledTextField: c1ad6b4b5bd77115cfe6c71ba4c023866df5c4cf
  MMProgressHUD: a524179e2ece5ba76f5228f9368a6918f617510e
  RNFrostedSidebar: f1d95d9b2627f13cc10e75d36e751a623eec079c
  SDWebImage: 116e88633b5b416ea0ca4b334a4ac59cf72dd38d
  SVProgressHUD: da7a49e789af645d9279ffbca62318945a832438
  SVPullToRefresh: d5161ebc833a38b465364412e5e307ca80bbb190
  SWTableViewCell: 25de71898e3fcd11cf75707ef90245acf990ec03
  UIFloatLabelTextView: ca4c8f10f3db892a9da8d556bbe54c152859001d

COCOAPODS: 0.35.0
