// !$*UTF8*$!
{
	archiveVersion = 1;
	classes = {
	};
	objectVersion = 46;
	objects = {

/* Begin PBXBuildFile section */
		504864571A850C5E00655655 /* main.m in Sources */ = {isa = PBXBuildFile; fileRef = 504864561A850C5D00655655 /* main.m */; };
		5048645A1A850C5E00655655 /* AppDelegate.m in Sources */ = {isa = PBXBuildFile; fileRef = 504864591A850C5E00655655 /* AppDelegate.m */; };
		5048645D1A850C5E00655655 /* Recipe_Journal.xcdatamodeld in Sources */ = {isa = PBXBuildFile; fileRef = 5048645B1A850C5E00655655 /* Recipe_Journal.xcdatamodeld */; };
		504864601A850C5E00655655 /* MasterViewController.m in Sources */ = {isa = PBXBuildFile; fileRef = 5048645F1A850C5E00655655 /* MasterViewController.m */; };
		504864631A850C5E00655655 /* DetailViewController.m in Sources */ = {isa = PBXBuildFile; fileRef = 504864621A850C5E00655655 /* DetailViewController.m */; };
		504864661A850C5E00655655 /* Main.storyboard in Resources */ = {isa = PBXBuildFile; fileRef = 504864641A850C5E00655655 /* Main.storyboard */; };
		504864681A850C5E00655655 /* Images.xcassets in Resources */ = {isa = PBXBuildFile; fileRef = 504864671A850C5E00655655 /* Images.xcassets */; };
		5048646B1A850C5E00655655 /* LaunchScreen.xib in Resources */ = {isa = PBXBuildFile; fileRef = 504864691A850C5E00655655 /* LaunchScreen.xib */; };
		504864771A850C5E00655655 /* Recipe_JournalTests.m in Sources */ = {isa = PBXBuildFile; fileRef = 504864761A850C5E00655655 /* Recipe_JournalTests.m */; };
		504864821A850C8100655655 /* CloudKit.framework in Frameworks */ = {isa = PBXBuildFile; fileRef = 504864811A850C8100655655 /* CloudKit.framework */; };
		504864881A893FF300655655 /* NewRecipeViewController.m in Sources */ = {isa = PBXBuildFile; fileRef = 504864871A893FF300655655 /* NewRecipeViewController.m */; };
		507359671AC3407C007228BA /* info-50.png in Resources */ = {isa = PBXBuildFile; fileRef = 507359661AC3407C007228BA /* info-50.png */; };
		50B8F1901A866F21002D3D51 /* empty_dish.png in Resources */ = {isa = PBXBuildFile; fileRef = 50B8F18F1A866F21002D3D51 /* empty_dish.png */; };
		50B8F1991A868B2A002D3D51 /* RecipeCloudManager.m in Sources */ = {isa = PBXBuildFile; fileRef = 50B8F1981A868B2A002D3D51 /* RecipeCloudManager.m */; };
		50B8F1A11A868DCA002D3D51 /* GroceryList.m in Sources */ = {isa = PBXBuildFile; fileRef = 50B8F1A01A868DCA002D3D51 /* GroceryList.m */; };
		50B8F1A41A868DF2002D3D51 /* Event.m in Sources */ = {isa = PBXBuildFile; fileRef = 50B8F1A31A868DF2002D3D51 /* Event.m */; };
		50B8F1AA1A8B172D002D3D51 /* Ingredient.m in Sources */ = {isa = PBXBuildFile; fileRef = 50B8F1A91A8B172D002D3D51 /* Ingredient.m */; };
		50B8F1B01A8B1B27002D3D51 /* NewIngredientsView.m in Sources */ = {isa = PBXBuildFile; fileRef = 50B8F1AF1A8B1B27002D3D51 /* NewIngredientsView.m */; };
		50B8F1B31A9579B8002D3D51 /* RecipeTableViewCell.m in Sources */ = {isa = PBXBuildFile; fileRef = 50B8F1B21A9579B8002D3D51 /* RecipeTableViewCell.m */; };
		50B8F1B71AA6AA08002D3D51 /* GroceryListCell.m in Sources */ = {isa = PBXBuildFile; fileRef = 50B8F1B61AA6AA08002D3D51 /* GroceryListCell.m */; };
		50B8F1B91AA6AB3A002D3D51 /* unchecked-50.png in Resources */ = {isa = PBXBuildFile; fileRef = 50B8F1B81AA6AB3A002D3D51 /* unchecked-50.png */; };
		50B8F1BB1AA6AB45002D3D51 /* checked-50.png in Resources */ = {isa = PBXBuildFile; fileRef = 50B8F1BA1AA6AB45002D3D51 /* checked-50.png */; };
		50C1FBB51A9B8981008B176A /* menu.png in Resources */ = {isa = PBXBuildFile; fileRef = 50C1FBB41A9B8981008B176A /* menu.png */; };
		50C1FBB71AA500CD008B176A /* check.png in Resources */ = {isa = PBXBuildFile; fileRef = 50C1FBB61AA500CD008B176A /* check.png */; };
		50C1FBB91AA500F5008B176A /* clock.png in Resources */ = {isa = PBXBuildFile; fileRef = 50C1FBB81AA500F5008B176A /* clock.png */; };
		50C1FBBB1AA5011B008B176A /* cross.png in Resources */ = {isa = PBXBuildFile; fileRef = 50C1FBBA1AA5011B008B176A /* cross.png */; };
		50C1FBBD1AA5013F008B176A /* list.png in Resources */ = {isa = PBXBuildFile; fileRef = 50C1FBBC1AA5013F008B176A /* list.png */; };
		50C1FBBF1AA505EE008B176A /* favorite.png in Resources */ = {isa = PBXBuildFile; fileRef = 50C1FBBE1AA505EE008B176A /* favorite.png */; };
		50C1FBC11AA6455D008B176A /* checklist.png in Resources */ = {isa = PBXBuildFile; fileRef = 50C1FBC01AA6455D008B176A /* checklist.png */; };
		50C1FBC31AA645B9008B176A /* cutlery.png in Resources */ = {isa = PBXBuildFile; fileRef = 50C1FBC21AA645B9008B176A /* cutlery.png */; };
		50C1FBC51AA64689008B176A /* search.png in Resources */ = {isa = PBXBuildFile; fileRef = 50C1FBC41AA64689008B176A /* search.png */; };
		50C1FBC71AA6474B008B176A /* search-50.png in Resources */ = {isa = PBXBuildFile; fileRef = 50C1FBC61AA6474B008B176A /* search-50.png */; };
		50C1FBC91AA64768008B176A /* cutlery-50.png in Resources */ = {isa = PBXBuildFile; fileRef = 50C1FBC81AA64768008B176A /* cutlery-50.png */; };
		50C1FBCB1AA64795008B176A /* checklist-50.png in Resources */ = {isa = PBXBuildFile; fileRef = 50C1FBCA1AA64795008B176A /* checklist-50.png */; };
		50C1FBCD1AA647A3008B176A /* favorite-50.png in Resources */ = {isa = PBXBuildFile; fileRef = 50C1FBCC1AA647A3008B176A /* favorite-50.png */; };
		50C1FBCF1AA647C6008B176A /* cross-50.png in Resources */ = {isa = PBXBuildFile; fileRef = 50C1FBCE1AA647C6008B176A /* cross-50.png */; };
		50C1FBD11AA654BE008B176A /* sort-50.png in Resources */ = {isa = PBXBuildFile; fileRef = 50C1FBD01AA654BE008B176A /* sort-50.png */; };
		50C1FBD31AA73FD1008B176A /* favorited-50.png in Resources */ = {isa = PBXBuildFile; fileRef = 50C1FBD21AA73FD1008B176A /* favorited-50.png */; };
		50C491F31A8D062E00C79983 /* cooker-25.png in Resources */ = {isa = PBXBuildFile; fileRef = 50C491F21A8D062E00C79983 /* cooker-25.png */; };
		50C491F51A8D3FB400C79983 /* kitchen-25.png in Resources */ = {isa = PBXBuildFile; fileRef = 50C491F41A8D3FB400C79983 /* kitchen-25.png */; };
		50C491F81A8D513000C79983 /* NewPreparationView.m in Sources */ = {isa = PBXBuildFile; fileRef = 50C491F71A8D513000C79983 /* NewPreparationView.m */; };
		50C491FA1A8D736D00C79983 /* no-photo.png in Resources */ = {isa = PBXBuildFile; fileRef = 50C491F91A8D736D00C79983 /* no-photo.png */; };
		50DDC58D1AADEC3600149F22 /* SearchView.m in Sources */ = {isa = PBXBuildFile; fileRef = 50DDC58C1AADEC3600149F22 /* SearchView.m */; };
		50DDD8D21AF5AD27001825B0 /* star-25.png in Resources */ = {isa = PBXBuildFile; fileRef = 50DDD8D11AF5AD27001825B0 /* star-25.png */; };
		50DDD8D41AF5AD2E001825B0 /* star_filled-25.png in Resources */ = {isa = PBXBuildFile; fileRef = 50DDD8D31AF5AD2E001825B0 /* star_filled-25.png */; };
		50DDD8D61AF6FABC001825B0 /* no_photo-100.png in Resources */ = {isa = PBXBuildFile; fileRef = 50DDD8D51AF6FABC001825B0 /* no_photo-100.png */; };
		61EB447D6ECE9558859F72C6 /* libPods.a in Frameworks */ = {isa = PBXBuildFile; fileRef = 23B56200338F9252CFBA1320 /* libPods.a */; };
/* End PBXBuildFile section */

/* Begin PBXContainerItemProxy section */
		504864711A850C5E00655655 /* PBXContainerItemProxy */ = {
			isa = PBXContainerItemProxy;
			containerPortal = 504864491A850C5D00655655 /* Project object */;
			proxyType = 1;
			remoteGlobalIDString = 504864501A850C5D00655655;
			remoteInfo = "Recipe Journal";
		};
/* End PBXContainerItemProxy section */

/* Begin PBXFileReference section */
		23B56200338F9252CFBA1320 /* libPods.a */ = {isa = PBXFileReference; explicitFileType = archive.ar; includeInIndex = 0; path = libPods.a; sourceTree = BUILT_PRODUCTS_DIR; };
		504864511A850C5D00655655 /* Recipe Journal.app */ = {isa = PBXFileReference; explicitFileType = wrapper.application; includeInIndex = 0; path = "Recipe Journal.app"; sourceTree = BUILT_PRODUCTS_DIR; };
		504864551A850C5D00655655 /* Info.plist */ = {isa = PBXFileReference; lastKnownFileType = text.plist.xml; path = Info.plist; sourceTree = "<group>"; };
		504864561A850C5D00655655 /* main.m */ = {isa = PBXFileReference; lastKnownFileType = sourcecode.c.objc; path = main.m; sourceTree = "<group>"; };
		504864581A850C5E00655655 /* AppDelegate.h */ = {isa = PBXFileReference; lastKnownFileType = sourcecode.c.h; path = AppDelegate.h; sourceTree = "<group>"; };
		504864591A850C5E00655655 /* AppDelegate.m */ = {isa = PBXFileReference; lastKnownFileType = sourcecode.c.objc; path = AppDelegate.m; sourceTree = "<group>"; };
		5048645C1A850C5E00655655 /* Recipe_Journal.xcdatamodel */ = {isa = PBXFileReference; lastKnownFileType = wrapper.xcdatamodel; path = Recipe_Journal.xcdatamodel; sourceTree = "<group>"; };
		5048645E1A850C5E00655655 /* MasterViewController.h */ = {isa = PBXFileReference; lastKnownFileType = sourcecode.c.h; path = MasterViewController.h; sourceTree = "<group>"; };
		5048645F1A850C5E00655655 /* MasterViewController.m */ = {isa = PBXFileReference; lastKnownFileType = sourcecode.c.objc; path = MasterViewController.m; sourceTree = "<group>"; };
		504864611A850C5E00655655 /* DetailViewController.h */ = {isa = PBXFileReference; lastKnownFileType = sourcecode.c.h; path = DetailViewController.h; sourceTree = "<group>"; };
		504864621A850C5E00655655 /* DetailViewController.m */ = {isa = PBXFileReference; lastKnownFileType = sourcecode.c.objc; path = DetailViewController.m; sourceTree = "<group>"; };
		504864651A850C5E00655655 /* Base */ = {isa = PBXFileReference; lastKnownFileType = file.storyboard; name = Base; path = Base.lproj/Main.storyboard; sourceTree = "<group>"; };
		504864671A850C5E00655655 /* Images.xcassets */ = {isa = PBXFileReference; lastKnownFileType = folder.assetcatalog; path = Images.xcassets; sourceTree = "<group>"; };
		5048646A1A850C5E00655655 /* Base */ = {isa = PBXFileReference; lastKnownFileType = file.xib; name = Base; path = Base.lproj/LaunchScreen.xib; sourceTree = "<group>"; };
		504864701A850C5E00655655 /* Recipe JournalTests.xctest */ = {isa = PBXFileReference; explicitFileType = wrapper.cfbundle; includeInIndex = 0; path = "Recipe JournalTests.xctest"; sourceTree = BUILT_PRODUCTS_DIR; };
		504864751A850C5E00655655 /* Info.plist */ = {isa = PBXFileReference; lastKnownFileType = text.plist.xml; path = Info.plist; sourceTree = "<group>"; };
		504864761A850C5E00655655 /* Recipe_JournalTests.m */ = {isa = PBXFileReference; lastKnownFileType = sourcecode.c.objc; path = Recipe_JournalTests.m; sourceTree = "<group>"; };
		504864801A850C7E00655655 /* Recipe Journal.entitlements */ = {isa = PBXFileReference; lastKnownFileType = text.xml; path = "Recipe Journal.entitlements"; sourceTree = "<group>"; };
		504864811A850C8100655655 /* CloudKit.framework */ = {isa = PBXFileReference; lastKnownFileType = wrapper.framework; name = CloudKit.framework; path = System/Library/Frameworks/CloudKit.framework; sourceTree = SDKROOT; };
		504864861A893FF300655655 /* NewRecipeViewController.h */ = {isa = PBXFileReference; fileEncoding = 4; lastKnownFileType = sourcecode.c.h; path = NewRecipeViewController.h; sourceTree = "<group>"; };
		504864871A893FF300655655 /* NewRecipeViewController.m */ = {isa = PBXFileReference; fileEncoding = 4; lastKnownFileType = sourcecode.c.objc; path = NewRecipeViewController.m; sourceTree = "<group>"; };
		507359661AC3407C007228BA /* info-50.png */ = {isa = PBXFileReference; lastKnownFileType = image.png; path = "info-50.png"; sourceTree = "<group>"; };
		50B8F18F1A866F21002D3D51 /* empty_dish.png */ = {isa = PBXFileReference; lastKnownFileType = image.png; path = empty_dish.png; sourceTree = "<group>"; };
		50B8F1971A868B2A002D3D51 /* RecipeCloudManager.h */ = {isa = PBXFileReference; fileEncoding = 4; lastKnownFileType = sourcecode.c.h; path = RecipeCloudManager.h; sourceTree = "<group>"; };
		50B8F1981A868B2A002D3D51 /* RecipeCloudManager.m */ = {isa = PBXFileReference; fileEncoding = 4; lastKnownFileType = sourcecode.c.objc; path = RecipeCloudManager.m; sourceTree = "<group>"; };
		50B8F19F1A868DCA002D3D51 /* GroceryList.h */ = {isa = PBXFileReference; fileEncoding = 4; lastKnownFileType = sourcecode.c.h; path = GroceryList.h; sourceTree = "<group>"; };
		50B8F1A01A868DCA002D3D51 /* GroceryList.m */ = {isa = PBXFileReference; fileEncoding = 4; lastKnownFileType = sourcecode.c.objc; path = GroceryList.m; sourceTree = "<group>"; };
		50B8F1A21A868DF2002D3D51 /* Event.h */ = {isa = PBXFileReference; fileEncoding = 4; lastKnownFileType = sourcecode.c.h; path = Event.h; sourceTree = "<group>"; };
		50B8F1A31A868DF2002D3D51 /* Event.m */ = {isa = PBXFileReference; fileEncoding = 4; lastKnownFileType = sourcecode.c.objc; path = Event.m; sourceTree = "<group>"; };
		50B8F1A81A8B172D002D3D51 /* Ingredient.h */ = {isa = PBXFileReference; fileEncoding = 4; lastKnownFileType = sourcecode.c.h; path = Ingredient.h; sourceTree = "<group>"; };
		50B8F1A91A8B172D002D3D51 /* Ingredient.m */ = {isa = PBXFileReference; fileEncoding = 4; lastKnownFileType = sourcecode.c.objc; path = Ingredient.m; sourceTree = "<group>"; };
		50B8F1AE1A8B1B27002D3D51 /* NewIngredientsView.h */ = {isa = PBXFileReference; fileEncoding = 4; lastKnownFileType = sourcecode.c.h; path = NewIngredientsView.h; sourceTree = "<group>"; };
		50B8F1AF1A8B1B27002D3D51 /* NewIngredientsView.m */ = {isa = PBXFileReference; fileEncoding = 4; lastKnownFileType = sourcecode.c.objc; path = NewIngredientsView.m; sourceTree = "<group>"; };
		50B8F1B11A9579B8002D3D51 /* RecipeTableViewCell.h */ = {isa = PBXFileReference; fileEncoding = 4; lastKnownFileType = sourcecode.c.h; path = RecipeTableViewCell.h; sourceTree = "<group>"; };
		50B8F1B21A9579B8002D3D51 /* RecipeTableViewCell.m */ = {isa = PBXFileReference; fileEncoding = 4; lastKnownFileType = sourcecode.c.objc; path = RecipeTableViewCell.m; sourceTree = "<group>"; };
		50B8F1B41AA68633002D3D51 /* RecipeJournalHelper.h */ = {isa = PBXFileReference; lastKnownFileType = sourcecode.c.h; path = RecipeJournalHelper.h; sourceTree = "<group>"; };
		50B8F1B51AA6AA08002D3D51 /* GroceryListCell.h */ = {isa = PBXFileReference; fileEncoding = 4; lastKnownFileType = sourcecode.c.h; path = GroceryListCell.h; sourceTree = "<group>"; };
		50B8F1B61AA6AA08002D3D51 /* GroceryListCell.m */ = {isa = PBXFileReference; fileEncoding = 4; lastKnownFileType = sourcecode.c.objc; path = GroceryListCell.m; sourceTree = "<group>"; };
		50B8F1B81AA6AB3A002D3D51 /* unchecked-50.png */ = {isa = PBXFileReference; lastKnownFileType = image.png; path = "unchecked-50.png"; sourceTree = "<group>"; };
		50B8F1BA1AA6AB45002D3D51 /* checked-50.png */ = {isa = PBXFileReference; lastKnownFileType = image.png; path = "checked-50.png"; sourceTree = "<group>"; };
		50C1FBB41A9B8981008B176A /* menu.png */ = {isa = PBXFileReference; lastKnownFileType = image.png; path = menu.png; sourceTree = "<group>"; };
		50C1FBB61AA500CD008B176A /* check.png */ = {isa = PBXFileReference; lastKnownFileType = image.png; path = check.png; sourceTree = "<group>"; };
		50C1FBB81AA500F5008B176A /* clock.png */ = {isa = PBXFileReference; lastKnownFileType = image.png; path = clock.png; sourceTree = "<group>"; };
		50C1FBBA1AA5011B008B176A /* cross.png */ = {isa = PBXFileReference; lastKnownFileType = image.png; path = cross.png; sourceTree = "<group>"; };
		50C1FBBC1AA5013F008B176A /* list.png */ = {isa = PBXFileReference; lastKnownFileType = image.png; path = list.png; sourceTree = "<group>"; };
		50C1FBBE1AA505EE008B176A /* favorite.png */ = {isa = PBXFileReference; lastKnownFileType = image.png; path = favorite.png; sourceTree = "<group>"; };
		50C1FBC01AA6455D008B176A /* checklist.png */ = {isa = PBXFileReference; lastKnownFileType = image.png; path = checklist.png; sourceTree = "<group>"; };
		50C1FBC21AA645B9008B176A /* cutlery.png */ = {isa = PBXFileReference; lastKnownFileType = image.png; path = cutlery.png; sourceTree = "<group>"; };
		50C1FBC41AA64689008B176A /* search.png */ = {isa = PBXFileReference; lastKnownFileType = image.png; path = search.png; sourceTree = "<group>"; };
		50C1FBC61AA6474B008B176A /* search-50.png */ = {isa = PBXFileReference; lastKnownFileType = image.png; path = "search-50.png"; sourceTree = "<group>"; };
		50C1FBC81AA64768008B176A /* cutlery-50.png */ = {isa = PBXFileReference; lastKnownFileType = image.png; path = "cutlery-50.png"; sourceTree = "<group>"; };
		50C1FBCA1AA64795008B176A /* checklist-50.png */ = {isa = PBXFileReference; lastKnownFileType = image.png; path = "checklist-50.png"; sourceTree = "<group>"; };
		50C1FBCC1AA647A3008B176A /* favorite-50.png */ = {isa = PBXFileReference; lastKnownFileType = image.png; path = "favorite-50.png"; sourceTree = "<group>"; };
		50C1FBCE1AA647C6008B176A /* cross-50.png */ = {isa = PBXFileReference; lastKnownFileType = image.png; path = "cross-50.png"; sourceTree = "<group>"; };
		50C1FBD01AA654BE008B176A /* sort-50.png */ = {isa = PBXFileReference; lastKnownFileType = image.png; path = "sort-50.png"; sourceTree = "<group>"; };
		50C1FBD21AA73FD1008B176A /* favorited-50.png */ = {isa = PBXFileReference; lastKnownFileType = image.png; path = "favorited-50.png"; sourceTree = "<group>"; };
		50C491F21A8D062E00C79983 /* cooker-25.png */ = {isa = PBXFileReference; lastKnownFileType = image.png; path = "cooker-25.png"; sourceTree = "<group>"; };
		50C491F41A8D3FB400C79983 /* kitchen-25.png */ = {isa = PBXFileReference; lastKnownFileType = image.png; path = "kitchen-25.png"; sourceTree = "<group>"; };
		50C491F61A8D513000C79983 /* NewPreparationView.h */ = {isa = PBXFileReference; fileEncoding = 4; lastKnownFileType = sourcecode.c.h; path = NewPreparationView.h; sourceTree = "<group>"; };
		50C491F71A8D513000C79983 /* NewPreparationView.m */ = {isa = PBXFileReference; fileEncoding = 4; lastKnownFileType = sourcecode.c.objc; path = NewPreparationView.m; sourceTree = "<group>"; };
		50C491F91A8D736D00C79983 /* no-photo.png */ = {isa = PBXFileReference; lastKnownFileType = image.png; path = "no-photo.png"; sourceTree = "<group>"; };
		50DDC58B1AADEC3600149F22 /* SearchView.h */ = {isa = PBXFileReference; fileEncoding = 4; lastKnownFileType = sourcecode.c.h; path = SearchView.h; sourceTree = "<group>"; };
		50DDC58C1AADEC3600149F22 /* SearchView.m */ = {isa = PBXFileReference; fileEncoding = 4; lastKnownFileType = sourcecode.c.objc; path = SearchView.m; sourceTree = "<group>"; };
		50DDD8D11AF5AD27001825B0 /* star-25.png */ = {isa = PBXFileReference; lastKnownFileType = image.png; path = "star-25.png"; sourceTree = "<group>"; };
		50DDD8D31AF5AD2E001825B0 /* star_filled-25.png */ = {isa = PBXFileReference; lastKnownFileType = image.png; path = "star_filled-25.png"; sourceTree = "<group>"; };
		50DDD8D51AF6FABC001825B0 /* no_photo-100.png */ = {isa = PBXFileReference; lastKnownFileType = image.png; path = "no_photo-100.png"; sourceTree = "<group>"; };
		7D55CFD18045FF7C512F61D7 /* Pods.debug.xcconfig */ = {isa = PBXFileReference; includeInIndex = 1; lastKnownFileType = text.xcconfig; name = Pods.debug.xcconfig; path = "Pods/Target Support Files/Pods/Pods.debug.xcconfig"; sourceTree = "<group>"; };
		A208A07A2AE044AB26F6A59A /* Pods.release.xcconfig */ = {isa = PBXFileReference; includeInIndex = 1; lastKnownFileType = text.xcconfig; name = Pods.release.xcconfig; path = "Pods/Target Support Files/Pods/Pods.release.xcconfig"; sourceTree = "<group>"; };
/* End PBXFileReference section */

/* Begin PBXFrameworksBuildPhase section */
		5048644E1A850C5D00655655 /* Frameworks */ = {
			isa = PBXFrameworksBuildPhase;
			buildActionMask = 2147483647;
			files = (
				504864821A850C8100655655 /* CloudKit.framework in Frameworks */,
				61EB447D6ECE9558859F72C6 /* libPods.a in Frameworks */,
			);
			runOnlyForDeploymentPostprocessing = 0;
		};
		5048646D1A850C5E00655655 /* Frameworks */ = {
			isa = PBXFrameworksBuildPhase;
			buildActionMask = 2147483647;
			files = (
			);
			runOnlyForDeploymentPostprocessing = 0;
		};
/* End PBXFrameworksBuildPhase section */

/* Begin PBXGroup section */
		4277C6BA1462403D6FCC0CA9 /* Frameworks */ = {
			isa = PBXGroup;
			children = (
				504864811A850C8100655655 /* CloudKit.framework */,
				23B56200338F9252CFBA1320 /* libPods.a */,
			);
			name = Frameworks;
			sourceTree = "<group>";
		};
		504864481A850C5D00655655 = {
			isa = PBXGroup;
			children = (
				504864531A850C5D00655655 /* Recipe Journal */,
				504864731A850C5E00655655 /* Recipe JournalTests */,
				504864521A850C5D00655655 /* Products */,
				83D8AED18403F0DCEF89C1A3 /* Pods */,
				4277C6BA1462403D6FCC0CA9 /* Frameworks */,
			);
			sourceTree = "<group>";
		};
		504864521A850C5D00655655 /* Products */ = {
			isa = PBXGroup;
			children = (
				504864511A850C5D00655655 /* Recipe Journal.app */,
				504864701A850C5E00655655 /* Recipe JournalTests.xctest */,
			);
			name = Products;
			sourceTree = "<group>";
		};
		504864531A850C5D00655655 /* Recipe Journal */ = {
			isa = PBXGroup;
			children = (
				504864801A850C7E00655655 /* Recipe Journal.entitlements */,
				504864581A850C5E00655655 /* AppDelegate.h */,
				504864591A850C5E00655655 /* AppDelegate.m */,
				50C491F11A8BB3B100C79983 /* Views */,
				50B8F19B1A868B5A002D3D51 /* ViewControllers */,
				50B8F19A1A868B4A002D3D51 /* Models */,
				504864641A850C5E00655655 /* Main.storyboard */,
				504864671A850C5E00655655 /* Images.xcassets */,
				504864691A850C5E00655655 /* LaunchScreen.xib */,
				504864541A850C5D00655655 /* Supporting Files */,
			);
			path = "Recipe Journal";
			sourceTree = "<group>";
		};
		504864541A850C5D00655655 /* Supporting Files */ = {
			isa = PBXGroup;
			children = (
				50DDD8D51AF6FABC001825B0 /* no_photo-100.png */,
				50DDD8D11AF5AD27001825B0 /* star-25.png */,
				50DDD8D31AF5AD2E001825B0 /* star_filled-25.png */,
				507359661AC3407C007228BA /* info-50.png */,
				50B8F1BA1AA6AB45002D3D51 /* checked-50.png */,
				50B8F1B81AA6AB3A002D3D51 /* unchecked-50.png */,
				50C1FBD01AA654BE008B176A /* sort-50.png */,
				50C1FBC61AA6474B008B176A /* search-50.png */,
				50C1FBC41AA64689008B176A /* search.png */,
				50C1FBC81AA64768008B176A /* cutlery-50.png */,
				50C1FBC21AA645B9008B176A /* cutlery.png */,
				50C1FBCA1AA64795008B176A /* checklist-50.png */,
				50C1FBC01AA6455D008B176A /* checklist.png */,
				50C1FBD21AA73FD1008B176A /* favorited-50.png */,
				50C1FBCC1AA647A3008B176A /* favorite-50.png */,
				50C1FBBE1AA505EE008B176A /* favorite.png */,
				50C1FBBC1AA5013F008B176A /* list.png */,
				50C1FBCE1AA647C6008B176A /* cross-50.png */,
				50C1FBBA1AA5011B008B176A /* cross.png */,
				50C1FBB81AA500F5008B176A /* clock.png */,
				50C1FBB61AA500CD008B176A /* check.png */,
				50C1FBB41A9B8981008B176A /* menu.png */,
				50C491F91A8D736D00C79983 /* no-photo.png */,
				50C491F41A8D3FB400C79983 /* kitchen-25.png */,
				50C491F21A8D062E00C79983 /* cooker-25.png */,
				50B8F18F1A866F21002D3D51 /* empty_dish.png */,
				504864551A850C5D00655655 /* Info.plist */,
				504864561A850C5D00655655 /* main.m */,
			);
			name = "Supporting Files";
			sourceTree = "<group>";
		};
		504864731A850C5E00655655 /* Recipe JournalTests */ = {
			isa = PBXGroup;
			children = (
				504864761A850C5E00655655 /* Recipe_JournalTests.m */,
				504864741A850C5E00655655 /* Supporting Files */,
			);
			path = "Recipe JournalTests";
			sourceTree = "<group>";
		};
		504864741A850C5E00655655 /* Supporting Files */ = {
			isa = PBXGroup;
			children = (
				504864751A850C5E00655655 /* Info.plist */,
			);
			name = "Supporting Files";
			sourceTree = "<group>";
		};
		50B8F19A1A868B4A002D3D51 /* Models */ = {
			isa = PBXGroup;
			children = (
				5048645B1A850C5E00655655 /* Recipe_Journal.xcdatamodeld */,
				50B8F1971A868B2A002D3D51 /* RecipeCloudManager.h */,
				50B8F1981A868B2A002D3D51 /* RecipeCloudManager.m */,
				50B8F1A21A868DF2002D3D51 /* Event.h */,
				50B8F1A31A868DF2002D3D51 /* Event.m */,
				50B8F19F1A868DCA002D3D51 /* GroceryList.h */,
				50B8F1A01A868DCA002D3D51 /* GroceryList.m */,
				50B8F1A81A8B172D002D3D51 /* Ingredient.h */,
				50B8F1A91A8B172D002D3D51 /* Ingredient.m */,
				50B8F1B41AA68633002D3D51 /* RecipeJournalHelper.h */,
			);
			name = Models;
			sourceTree = "<group>";
		};
		50B8F19B1A868B5A002D3D51 /* ViewControllers */ = {
			isa = PBXGroup;
			children = (
				5048645E1A850C5E00655655 /* MasterViewController.h */,
				5048645F1A850C5E00655655 /* MasterViewController.m */,
				504864611A850C5E00655655 /* DetailViewController.h */,
				504864621A850C5E00655655 /* DetailViewController.m */,
				504864861A893FF300655655 /* NewRecipeViewController.h */,
				504864871A893FF300655655 /* NewRecipeViewController.m */,
			);
			name = ViewControllers;
			sourceTree = "<group>";
		};
		50C491F11A8BB3B100C79983 /* Views */ = {
			isa = PBXGroup;
			children = (
				50B8F1AE1A8B1B27002D3D51 /* NewIngredientsView.h */,
				50B8F1AF1A8B1B27002D3D51 /* NewIngredientsView.m */,
				50C491F61A8D513000C79983 /* NewPreparationView.h */,
				50C491F71A8D513000C79983 /* NewPreparationView.m */,
				50B8F1B11A9579B8002D3D51 /* RecipeTableViewCell.h */,
				50B8F1B21A9579B8002D3D51 /* RecipeTableViewCell.m */,
				50B8F1B51AA6AA08002D3D51 /* GroceryListCell.h */,
				50B8F1B61AA6AA08002D3D51 /* GroceryListCell.m */,
				50DDC58B1AADEC3600149F22 /* SearchView.h */,
				50DDC58C1AADEC3600149F22 /* SearchView.m */,
			);
			name = Views;
			sourceTree = "<group>";
		};
		83D8AED18403F0DCEF89C1A3 /* Pods */ = {
			isa = PBXGroup;
			children = (
				7D55CFD18045FF7C512F61D7 /* Pods.debug.xcconfig */,
				A208A07A2AE044AB26F6A59A /* Pods.release.xcconfig */,
			);
			name = Pods;
			sourceTree = "<group>";
		};
/* End PBXGroup section */

/* Begin PBXNativeTarget section */
		504864501A850C5D00655655 /* Recipe Journal */ = {
			isa = PBXNativeTarget;
			buildConfigurationList = 5048647A1A850C5E00655655 /* Build configuration list for PBXNativeTarget "Recipe Journal" */;
			buildPhases = (
				2DA1AAE094DDE55707A18595 /* Check Pods Manifest.lock */,
				5048644D1A850C5D00655655 /* Sources */,
				5048644E1A850C5D00655655 /* Frameworks */,
				5048644F1A850C5D00655655 /* Resources */,
				9EF051201983D984C11E3332 /* Copy Pods Resources */,
			);
			buildRules = (
			);
			dependencies = (
			);
			name = "Recipe Journal";
			productName = "Recipe Journal";
			productReference = 504864511A850C5D00655655 /* Recipe Journal.app */;
			productType = "com.apple.product-type.application";
		};
		5048646F1A850C5E00655655 /* Recipe JournalTests */ = {
			isa = PBXNativeTarget;
			buildConfigurationList = 5048647D1A850C5E00655655 /* Build configuration list for PBXNativeTarget "Recipe JournalTests" */;
			buildPhases = (
				5048646C1A850C5E00655655 /* Sources */,
				5048646D1A850C5E00655655 /* Frameworks */,
				5048646E1A850C5E00655655 /* Resources */,
			);
			buildRules = (
			);
			dependencies = (
				504864721A850C5E00655655 /* PBXTargetDependency */,
			);
			name = "Recipe JournalTests";
			productName = "Recipe JournalTests";
			productReference = 504864701A850C5E00655655 /* Recipe JournalTests.xctest */;
			productType = "com.apple.product-type.bundle.unit-test";
		};
/* End PBXNativeTarget section */

/* Begin PBXProject section */
		504864491A850C5D00655655 /* Project object */ = {
			isa = PBXProject;
			attributes = {
				LastUpgradeCheck = 0610;
				ORGANIZATIONNAME = "Robert Miller";
				TargetAttributes = {
					504864501A850C5D00655655 = {
						CreatedOnToolsVersion = 6.1.1;
						DevelopmentTeam = G98XDUC443;
						SystemCapabilities = {
							com.apple.BackgroundModes = {
								enabled = 0;
							};
							com.apple.iCloud = {
								enabled = 1;
							};
						};
					};
					5048646F1A850C5E00655655 = {
						CreatedOnToolsVersion = 6.1.1;
						TestTargetID = 504864501A850C5D00655655;
					};
				};
			};
			buildConfigurationList = 5048644C1A850C5D00655655 /* Build configuration list for PBXProject "Recipe Journal" */;
			compatibilityVersion = "Xcode 3.2";
			developmentRegion = English;
			hasScannedForEncodings = 0;
			knownRegions = (
				en,
				Base,
			);
			mainGroup = 504864481A850C5D00655655;
			productRefGroup = 504864521A850C5D00655655 /* Products */;
			projectDirPath = "";
			projectRoot = "";
			targets = (
				504864501A850C5D00655655 /* Recipe Journal */,
				5048646F1A850C5E00655655 /* Recipe JournalTests */,
			);
		};
/* End PBXProject section */

/* Begin PBXResourcesBuildPhase section */
		5048644F1A850C5D00655655 /* Resources */ = {
			isa = PBXResourcesBuildPhase;
			buildActionMask = 2147483647;
			files = (
				50B8F1BB1AA6AB45002D3D51 /* checked-50.png in Resources */,
				50C1FBB91AA500F5008B176A /* clock.png in Resources */,
				50DDD8D61AF6FABC001825B0 /* no_photo-100.png in Resources */,
				50C1FBD11AA654BE008B176A /* sort-50.png in Resources */,
				50C1FBB51A9B8981008B176A /* menu.png in Resources */,
				50C1FBBD1AA5013F008B176A /* list.png in Resources */,
				50C1FBCD1AA647A3008B176A /* favorite-50.png in Resources */,
				50C1FBB71AA500CD008B176A /* check.png in Resources */,
				50B8F1901A866F21002D3D51 /* empty_dish.png in Resources */,
				50C491F51A8D3FB400C79983 /* kitchen-25.png in Resources */,
				504864661A850C5E00655655 /* Main.storyboard in Resources */,
				50C1FBCB1AA64795008B176A /* checklist-50.png in Resources */,
				50C1FBC91AA64768008B176A /* cutlery-50.png in Resources */,
				50C491FA1A8D736D00C79983 /* no-photo.png in Resources */,
				5048646B1A850C5E00655655 /* LaunchScreen.xib in Resources */,
				50DDD8D41AF5AD2E001825B0 /* star_filled-25.png in Resources */,
				50DDD8D21AF5AD27001825B0 /* star-25.png in Resources */,
				50C491F31A8D062E00C79983 /* cooker-25.png in Resources */,
				50C1FBC51AA64689008B176A /* search.png in Resources */,
				50C1FBD31AA73FD1008B176A /* favorited-50.png in Resources */,
				50C1FBBB1AA5011B008B176A /* cross.png in Resources */,
				50C1FBC11AA6455D008B176A /* checklist.png in Resources */,
				50C1FBCF1AA647C6008B176A /* cross-50.png in Resources */,
				50C1FBC71AA6474B008B176A /* search-50.png in Resources */,
				50C1FBBF1AA505EE008B176A /* favorite.png in Resources */,
				50C1FBC31AA645B9008B176A /* cutlery.png in Resources */,
				507359671AC3407C007228BA /* info-50.png in Resources */,
				504864681A850C5E00655655 /* Images.xcassets in Resources */,
				50B8F1B91AA6AB3A002D3D51 /* unchecked-50.png in Resources */,
			);
			runOnlyForDeploymentPostprocessing = 0;
		};
		5048646E1A850C5E00655655 /* Resources */ = {
			isa = PBXResourcesBuildPhase;
			buildActionMask = 2147483647;
			files = (
			);
			runOnlyForDeploymentPostprocessing = 0;
		};
/* End PBXResourcesBuildPhase section */

/* Begin PBXShellScriptBuildPhase section */
		2DA1AAE094DDE55707A18595 /* Check Pods Manifest.lock */ = {
			isa = PBXShellScriptBuildPhase;
			buildActionMask = 2147483647;
			files = (
			);
			inputPaths = (
			);
			name = "Check Pods Manifest.lock";
			outputPaths = (
			);
			runOnlyForDeploymentPostprocessing = 0;
			shellPath = /bin/sh;
			shellScript = "diff \"${PODS_ROOT}/../Podfile.lock\" \"${PODS_ROOT}/Manifest.lock\" > /dev/null\nif [[ $? != 0 ]] ; then\n    cat << EOM\nerror: The sandbox is not in sync with the Podfile.lock. Run 'pod install' or update your CocoaPods installation.\nEOM\n    exit 1\nfi\n";
			showEnvVarsInLog = 0;
		};
		9EF051201983D984C11E3332 /* Copy Pods Resources */ = {
			isa = PBXShellScriptBuildPhase;
			buildActionMask = 2147483647;
			files = (
			);
			inputPaths = (
			);
			name = "Copy Pods Resources";
			outputPaths = (
			);
			runOnlyForDeploymentPostprocessing = 0;
			shellPath = /bin/sh;
			shellScript = "\"${SRCROOT}/Pods/Target Support Files/Pods/Pods-resources.sh\"\n";
			showEnvVarsInLog = 0;
		};
/* End PBXShellScriptBuildPhase section */

/* Begin PBXSourcesBuildPhase section */
		5048644D1A850C5D00655655 /* Sources */ = {
			isa = PBXSourcesBuildPhase;
			buildActionMask = 2147483647;
			files = (
				50B8F1AA1A8B172D002D3D51 /* Ingredient.m in Sources */,
				504864631A850C5E00655655 /* DetailViewController.m in Sources */,
				50B8F1B31A9579B8002D3D51 /* RecipeTableViewCell.m in Sources */,
				50DDC58D1AADEC3600149F22 /* SearchView.m in Sources */,
				50B8F1991A868B2A002D3D51 /* RecipeCloudManager.m in Sources */,
				50B8F1B01A8B1B27002D3D51 /* NewIngredientsView.m in Sources */,
				50B8F1B71AA6AA08002D3D51 /* GroceryListCell.m in Sources */,
				504864601A850C5E00655655 /* MasterViewController.m in Sources */,
				5048645A1A850C5E00655655 /* AppDelegate.m in Sources */,
				50B8F1A41A868DF2002D3D51 /* Event.m in Sources */,
				5048645D1A850C5E00655655 /* Recipe_Journal.xcdatamodeld in Sources */,
				504864571A850C5E00655655 /* main.m in Sources */,
				50C491F81A8D513000C79983 /* NewPreparationView.m in Sources */,
				504864881A893FF300655655 /* NewRecipeViewController.m in Sources */,
				50B8F1A11A868DCA002D3D51 /* GroceryList.m in Sources */,
			);
			runOnlyForDeploymentPostprocessing = 0;
		};
		5048646C1A850C5E00655655 /* Sources */ = {
			isa = PBXSourcesBuildPhase;
			buildActionMask = 2147483647;
			files = (
				504864771A850C5E00655655 /* Recipe_JournalTests.m in Sources */,
			);
			runOnlyForDeploymentPostprocessing = 0;
		};
/* End PBXSourcesBuildPhase section */

/* Begin PBXTargetDependency section */
		504864721A850C5E00655655 /* PBXTargetDependency */ = {
			isa = PBXTargetDependency;
			target = 504864501A850C5D00655655 /* Recipe Journal */;
			targetProxy = 504864711A850C5E00655655 /* PBXContainerItemProxy */;
		};
/* End PBXTargetDependency section */

/* Begin PBXVariantGroup section */
		504864641A850C5E00655655 /* Main.storyboard */ = {
			isa = PBXVariantGroup;
			children = (
				504864651A850C5E00655655 /* Base */,
			);
			name = Main.storyboard;
			sourceTree = "<group>";
		};
		504864691A850C5E00655655 /* LaunchScreen.xib */ = {
			isa = PBXVariantGroup;
			children = (
				5048646A1A850C5E00655655 /* Base */,
			);
			name = LaunchScreen.xib;
			sourceTree = "<group>";
		};
/* End PBXVariantGroup section */

/* Begin XCBuildConfiguration section */
		504864781A850C5E00655655 /* Debug */ = {
			isa = XCBuildConfiguration;
			buildSettings = {
				ALWAYS_SEARCH_USER_PATHS = NO;
				CLANG_CXX_LANGUAGE_STANDARD = "gnu++0x";
				CLANG_CXX_LIBRARY = "libc++";
				CLANG_ENABLE_MODULES = YES;
				CLANG_ENABLE_OBJC_ARC = YES;
				CLANG_WARN_BOOL_CONVERSION = YES;
				CLANG_WARN_CONSTANT_CONVERSION = YES;
				CLANG_WARN_DIRECT_OBJC_ISA_USAGE = YES_ERROR;
				CLANG_WARN_EMPTY_BODY = YES;
				CLANG_WARN_ENUM_CONVERSION = YES;
				CLANG_WARN_INT_CONVERSION = YES;
				CLANG_WARN_OBJC_ROOT_CLASS = YES_ERROR;
				CLANG_WARN_UNREACHABLE_CODE = YES;
				CLANG_WARN__DUPLICATE_METHOD_MATCH = YES;
				"CODE_SIGN_IDENTITY[sdk=iphoneos*]" = "iPhone Developer";
				COPY_PHASE_STRIP = NO;
				ENABLE_STRICT_OBJC_MSGSEND = YES;
				GCC_C_LANGUAGE_STANDARD = gnu99;
				GCC_DYNAMIC_NO_PIC = NO;
				GCC_OPTIMIZATION_LEVEL = 0;
				GCC_PREPROCESSOR_DEFINITIONS = (
					"DEBUG=1",
					"$(inherited)",
				);
				GCC_SYMBOLS_PRIVATE_EXTERN = NO;
				GCC_WARN_64_TO_32_BIT_CONVERSION = YES;
				GCC_WARN_ABOUT_RETURN_TYPE = YES_ERROR;
				GCC_WARN_UNDECLARED_SELECTOR = YES;
				GCC_WARN_UNINITIALIZED_AUTOS = YES_AGGRESSIVE;
				GCC_WARN_UNUSED_FUNCTION = YES;
				GCC_WARN_UNUSED_VARIABLE = YES;
				IPHONEOS_DEPLOYMENT_TARGET = 8.1;
				MTL_ENABLE_DEBUG_INFO = YES;
				ONLY_ACTIVE_ARCH = YES;
				SDKROOT = iphoneos;
				TARGETED_DEVICE_FAMILY = "1,2";
			};
			name = Debug;
		};
		504864791A850C5E00655655 /* Release */ = {
			isa = XCBuildConfiguration;
			buildSettings = {
				ALWAYS_SEARCH_USER_PATHS = NO;
				CLANG_CXX_LANGUAGE_STANDARD = "gnu++0x";
				CLANG_CXX_LIBRARY = "libc++";
				CLANG_ENABLE_MODULES = YES;
				CLANG_ENABLE_OBJC_ARC = YES;
				CLANG_WARN_BOOL_CONVERSION = YES;
				CLANG_WARN_CONSTANT_CONVERSION = YES;
				CLANG_WARN_DIRECT_OBJC_ISA_USAGE = YES_ERROR;
				CLANG_WARN_EMPTY_BODY = YES;
				CLANG_WARN_ENUM_CONVERSION = YES;
				CLANG_WARN_INT_CONVERSION = YES;
				CLANG_WARN_OBJC_ROOT_CLASS = YES_ERROR;
				CLANG_WARN_UNREACHABLE_CODE = YES;
				CLANG_WARN__DUPLICATE_METHOD_MATCH = YES;
				"CODE_SIGN_IDENTITY[sdk=iphoneos*]" = "iPhone Developer";
				COPY_PHASE_STRIP = YES;
				ENABLE_NS_ASSERTIONS = NO;
				ENABLE_STRICT_OBJC_MSGSEND = YES;
				GCC_C_LANGUAGE_STANDARD = gnu99;
				GCC_WARN_64_TO_32_BIT_CONVERSION = YES;
				GCC_WARN_ABOUT_RETURN_TYPE = YES_ERROR;
				GCC_WARN_UNDECLARED_SELECTOR = YES;
				GCC_WARN_UNINITIALIZED_AUTOS = YES_AGGRESSIVE;
				GCC_WARN_UNUSED_FUNCTION = YES;
				GCC_WARN_UNUSED_VARIABLE = YES;
				IPHONEOS_DEPLOYMENT_TARGET = 8.1;
				MTL_ENABLE_DEBUG_INFO = NO;
				SDKROOT = iphoneos;
				TARGETED_DEVICE_FAMILY = "1,2";
				VALIDATE_PRODUCT = YES;
			};
			name = Release;
		};
		5048647B1A850C5E00655655 /* Debug */ = {
			isa = XCBuildConfiguration;
			baseConfigurationReference = 7D55CFD18045FF7C512F61D7 /* Pods.debug.xcconfig */;
			buildSettings = {
				ASSETCATALOG_COMPILER_APPICON_NAME = AppIcon;
				CODE_SIGN_ENTITLEMENTS = "Recipe Journal/Recipe Journal.entitlements";
				CODE_SIGN_IDENTITY = "iPhone Developer";
				"CODE_SIGN_IDENTITY[sdk=iphoneos*]" = "iPhone Developer";
				INFOPLIST_FILE = "Recipe Journal/Info.plist";
				IPHONEOS_DEPLOYMENT_TARGET = 8.0;
				LD_RUNPATH_SEARCH_PATHS = "$(inherited) @executable_path/Frameworks";
				PRODUCT_NAME = "$(TARGET_NAME)";
				PROVISIONING_PROFILE = "";
			};
			name = Debug;
		};
		5048647C1A850C5E00655655 /* Release */ = {
			isa = XCBuildConfiguration;
			baseConfigurationReference = A208A07A2AE044AB26F6A59A /* Pods.release.xcconfig */;
			buildSettings = {
				ASSETCATALOG_COMPILER_APPICON_NAME = AppIcon;
				CODE_SIGN_ENTITLEMENTS = "Recipe Journal/Recipe Journal.entitlements";
				CODE_SIGN_IDENTITY = "iPhone Developer";
				"CODE_SIGN_IDENTITY[sdk=iphoneos*]" = "iPhone Developer";
				INFOPLIST_FILE = "Recipe Journal/Info.plist";
				IPHONEOS_DEPLOYMENT_TARGET = 8.0;
				LD_RUNPATH_SEARCH_PATHS = "$(inherited) @executable_path/Frameworks";
				PRODUCT_NAME = "$(TARGET_NAME)";
				PROVISIONING_PROFILE = "";
			};
			name = Release;
		};
		5048647E1A850C5E00655655 /* Debug */ = {
			isa = XCBuildConfiguration;
			buildSettings = {
				BUNDLE_LOADER = "$(TEST_HOST)";
				FRAMEWORK_SEARCH_PATHS = (
					"$(SDKROOT)/Developer/Library/Frameworks",
					"$(inherited)",
				);
				GCC_PREPROCESSOR_DEFINITIONS = (
					"DEBUG=1",
					"$(inherited)",
				);
				INFOPLIST_FILE = "Recipe JournalTests/Info.plist";
				LD_RUNPATH_SEARCH_PATHS = "$(inherited) @executable_path/Frameworks @loader_path/Frameworks";
				PRODUCT_NAME = "$(TARGET_NAME)";
				TEST_HOST = "$(BUILT_PRODUCTS_DIR)/Recipe Journal.app/Recipe Journal";
			};
			name = Debug;
		};
		5048647F1A850C5E00655655 /* Release */ = {
			isa = XCBuildConfiguration;
			buildSettings = {
				BUNDLE_LOADER = "$(TEST_HOST)";
				FRAMEWORK_SEARCH_PATHS = (
					"$(SDKROOT)/Developer/Library/Frameworks",
					"$(inherited)",
				);
				INFOPLIST_FILE = "Recipe JournalTests/Info.plist";
				LD_RUNPATH_SEARCH_PATHS = "$(inherited) @executable_path/Frameworks @loader_path/Frameworks";
				PRODUCT_NAME = "$(TARGET_NAME)";
				TEST_HOST = "$(BUILT_PRODUCTS_DIR)/Recipe Journal.app/Recipe Journal";
			};
			name = Release;
		};
/* End XCBuildConfiguration section */

/* Begin XCConfigurationList section */
		5048644C1A850C5D00655655 /* Build configuration list for PBXProject "Recipe Journal" */ = {
			isa = XCConfigurationList;
			buildConfigurations = (
				504864781A850C5E00655655 /* Debug */,
				504864791A850C5E00655655 /* Release */,
			);
			defaultConfigurationIsVisible = 0;
			defaultConfigurationName = Debug;
		};
		5048647A1A850C5E00655655 /* Build configuration list for PBXNativeTarget "Recipe Journal" */ = {
			isa = XCConfigurationList;
			buildConfigurations = (
				5048647B1A850C5E00655655 /* Debug */,
				5048647C1A850C5E00655655 /* Release */,
			);
			defaultConfigurationIsVisible = 0;
			defaultConfigurationName = Debug;
		};
		5048647D1A850C5E00655655 /* Build configuration list for PBXNativeTarget "Recipe JournalTests" */ = {
			isa = XCConfigurationList;
			buildConfigurations = (
				5048647E1A850C5E00655655 /* Debug */,
				5048647F1A850C5E00655655 /* Release */,
			);
			defaultConfigurationIsVisible = 0;
			defaultConfigurationName = Debug;
		};
/* End XCConfigurationList section */

/* Begin XCVersionGroup section */
		5048645B1A850C5E00655655 /* Recipe_Journal.xcdatamodeld */ = {
			isa = XCVersionGroup;
			children = (
				5048645C1A850C5E00655655 /* Recipe_Journal.xcdatamodel */,
			);
			currentVersion = 5048645C1A850C5E00655655 /* Recipe_Journal.xcdatamodel */;
			path = Recipe_Journal.xcdatamodeld;
			sourceTree = "<group>";
			versionGroupType = wrapper.xcdatamodel;
		};
/* End XCVersionGroup section */
	};
	rootObject = 504864491A850C5D00655655 /* Project object */;
}
